// !$*UTF8*$!
{
	archiveVersion = 1;
	classes = {
	};
	objectVersion = 51;
	objects = {

/* Begin PBXBuildFile section */
		6907B24224FE25060015318D /* NSDate+DateTools.m in Sources */ = {isa = PBXBuildFile; fileRef = 6907B24124FE25060015318D /* NSDate+DateTools.m */; };
		6970009825F5FCB300BACF5A /* ExploreViewController.swift in Sources */ = {isa = PBXBuildFile; fileRef = 6970009725F5FCB300BACF5A /* ExploreViewController.swift */; };
		697000B125F61A0000BACF5A /* FSCalendarCollectionViewCell.swift in Sources */ = {isa = PBXBuildFile; fileRef = 697000B025F61A0000BACF5A /* FSCalendarCollectionViewCell.swift */; };
		6978D9712497629B004C01A4 /* AppDelegate.m in Sources */ = {isa = PBXBuildFile; fileRef = 6978D9702497629B004C01A4 /* AppDelegate.m */; };
		6978D9772497629B004C01A4 /* ViewController.m in Sources */ = {isa = PBXBuildFile; fileRef = 6978D9762497629B004C01A4 /* ViewController.m */; };
		6978D97A2497629B004C01A4 /* Main.storyboard in Resources */ = {isa = PBXBuildFile; fileRef = 6978D9782497629B004C01A4 /* Main.storyboard */; };
		6978D97C2497629C004C01A4 /* Assets.xcassets in Resources */ = {isa = PBXBuildFile; fileRef = 6978D97B2497629C004C01A4 /* Assets.xcassets */; };
		6978D97F2497629C004C01A4 /* LaunchScreen.storyboard in Resources */ = {isa = PBXBuildFile; fileRef = 6978D97D2497629C004C01A4 /* LaunchScreen.storyboard */; };
		6978D9822497629C004C01A4 /* main.m in Sources */ = {isa = PBXBuildFile; fileRef = 6978D9812497629C004C01A4 /* main.m */; };
		6978D98C2497629C004C01A4 /* PBNDemoTests.m in Sources */ = {isa = PBXBuildFile; fileRef = 6978D98B2497629C004C01A4 /* PBNDemoTests.m */; };
		6978D9972497629C004C01A4 /* PBNDemoUITests.m in Sources */ = {isa = PBXBuildFile; fileRef = 6978D9962497629C004C01A4 /* PBNDemoUITests.m */; };
		6978D9AC249780AA004C01A4 /* MainTabBarViewController.m in Sources */ = {isa = PBXBuildFile; fileRef = 6978D9AB249780AA004C01A4 /* MainTabBarViewController.m */; };
		6978D9B024978125004C01A4 /* BaseNavigationViewController.m in Sources */ = {isa = PBXBuildFile; fileRef = 6978D9AF24978125004C01A4 /* BaseNavigationViewController.m */; };
		6978D9B824979390004C01A4 /* HTTPNewsResult.m in Sources */ = {isa = PBXBuildFile; fileRef = 6978D9B724979390004C01A4 /* HTTPNewsResult.m */; };
		6978D9BC249794E1004C01A4 /* NewsCollectionCellModel.m in Sources */ = {isa = PBXBuildFile; fileRef = 6978D9BB249794E1004C01A4 /* NewsCollectionCellModel.m */; };
		6978D9BF249795CF004C01A4 /* NewsCollectionViewCell.m in Sources */ = {isa = PBXBuildFile; fileRef = 6978D9BE249795CF004C01A4 /* NewsCollectionViewCell.m */; };
		6978D9C82497A09E004C01A4 /* NewsViewController.m in Sources */ = {isa = PBXBuildFile; fileRef = 6978D9C72497A09E004C01A4 /* NewsViewController.m */; };
		6978D9CB2498C860004C01A4 /* NewsCollectionReusableView.m in Sources */ = {isa = PBXBuildFile; fileRef = 6978D9CA2498C860004C01A4 /* NewsCollectionReusableView.m */; };
		6978D9D0249A2660004C01A4 /* MyWorkViewController.m in Sources */ = {isa = PBXBuildFile; fileRef = 6978D9CF249A2660004C01A4 /* MyWorkViewController.m */; };
		6978D9D5249A2D5E004C01A4 /* MyWorkScrollView.m in Sources */ = {isa = PBXBuildFile; fileRef = 6978D9D4249A2D5E004C01A4 /* MyWorkScrollView.m */; };
		6978D9D9249B1504004C01A4 /* MyWorkModels.m in Sources */ = {isa = PBXBuildFile; fileRef = 6978D9D8249B1504004C01A4 /* MyWorkModels.m */; };
		6978D9E0249B2660004C01A4 /* MyWorkScrollViewModels.m in Sources */ = {isa = PBXBuildFile; fileRef = 6978D9DF249B2660004C01A4 /* MyWorkScrollViewModels.m */; };
		6978D9E3249B5127004C01A4 /* SettingViewController.m in Sources */ = {isa = PBXBuildFile; fileRef = 6978D9E2249B5127004C01A4 /* SettingViewController.m */; };
		6978D9E6249B63E0004C01A4 /* SettingModel.m in Sources */ = {isa = PBXBuildFile; fileRef = 6978D9E5249B63E0004C01A4 /* SettingModel.m */; };
		6978D9E9249B6477004C01A4 /* SettingBaseModel.m in Sources */ = {isa = PBXBuildFile; fileRef = 6978D9E8249B6477004C01A4 /* SettingBaseModel.m */; };
		6978D9EC249B65A3004C01A4 /* SettingCollectionViewCell.m in Sources */ = {isa = PBXBuildFile; fileRef = 6978D9EB249B65A3004C01A4 /* SettingCollectionViewCell.m */; };
		6978D9EF249B866D004C01A4 /* PurchaseViewController.m in Sources */ = {isa = PBXBuildFile; fileRef = 6978D9EE249B866D004C01A4 /* PurchaseViewController.m */; };
		6978D9F2249B8C9D004C01A4 /* PurchaseScrollView.m in Sources */ = {isa = PBXBuildFile; fileRef = 6978D9F1249B8C9D004C01A4 /* PurchaseScrollView.m */; };
		98006A62B1CA409560ACE972 /* Pods_PBNDemo.framework in Frameworks */ = {isa = PBXBuildFile; fileRef = F27DD8F6442D52AFA5094F05 /* Pods_PBNDemo.framework */; };
/* End PBXBuildFile section */

/* Begin PBXContainerItemProxy section */
		6978D9882497629C004C01A4 /* PBXContainerItemProxy */ = {
			isa = PBXContainerItemProxy;
			containerPortal = 6978D9642497629B004C01A4 /* Project object */;
			proxyType = 1;
			remoteGlobalIDString = 6978D96B2497629B004C01A4;
			remoteInfo = PBNDemo;
		};
		6978D9932497629C004C01A4 /* PBXContainerItemProxy */ = {
			isa = PBXContainerItemProxy;
			containerPortal = 6978D9642497629B004C01A4 /* Project object */;
			proxyType = 1;
			remoteGlobalIDString = 6978D96B2497629B004C01A4;
			remoteInfo = PBNDemo;
		};
/* End PBXContainerItemProxy section */

/* Begin PBXFileReference section */
		64870F0C40E6493D7A1E36DE /* Pods-PBNDemo.release.xcconfig */ = {isa = PBXFileReference; includeInIndex = 1; lastKnownFileType = text.xcconfig; name = "Pods-PBNDemo.release.xcconfig"; path = "Target Support Files/Pods-PBNDemo/Pods-PBNDemo.release.xcconfig"; sourceTree = "<group>"; };
		6907B24024FE25060015318D /* NSDate+DateTools.h */ = {isa = PBXFileReference; lastKnownFileType = sourcecode.c.h; path = "NSDate+DateTools.h"; sourceTree = "<group>"; };
		6907B24124FE25060015318D /* NSDate+DateTools.m */ = {isa = PBXFileReference; lastKnownFileType = sourcecode.c.objc; path = "NSDate+DateTools.m"; sourceTree = "<group>"; };
		6970009625F5FCB200BACF5A /* PBNDemo-Bridging-Header.h */ = {isa = PBXFileReference; lastKnownFileType = sourcecode.c.h; path = "PBNDemo-Bridging-Header.h"; sourceTree = "<group>"; };
		6970009725F5FCB300BACF5A /* ExploreViewController.swift */ = {isa = PBXFileReference; lastKnownFileType = sourcecode.swift; path = ExploreViewController.swift; sourceTree = "<group>"; };
		697000B025F61A0000BACF5A /* FSCalendarCollectionViewCell.swift */ = {isa = PBXFileReference; lastKnownFileType = sourcecode.swift; path = FSCalendarCollectionViewCell.swift; sourceTree = "<group>"; };
		6978D96C2497629B004C01A4 /* PBNDemo.app */ = {isa = PBXFileReference; explicitFileType = wrapper.application; includeInIndex = 0; path = PBNDemo.app; sourceTree = BUILT_PRODUCTS_DIR; };
		6978D96F2497629B004C01A4 /* AppDelegate.h */ = {isa = PBXFileReference; lastKnownFileType = sourcecode.c.h; path = AppDelegate.h; sourceTree = "<group>"; };
		6978D9702497629B004C01A4 /* AppDelegate.m */ = {isa = PBXFileReference; lastKnownFileType = sourcecode.c.objc; path = AppDelegate.m; sourceTree = "<group>"; };
		6978D9752497629B004C01A4 /* ViewController.h */ = {isa = PBXFileReference; lastKnownFileType = sourcecode.c.h; path = ViewController.h; sourceTree = "<group>"; };
		6978D9762497629B004C01A4 /* ViewController.m */ = {isa = PBXFileReference; lastKnownFileType = sourcecode.c.objc; path = ViewController.m; sourceTree = "<group>"; };
		6978D9792497629B004C01A4 /* Base */ = {isa = PBXFileReference; lastKnownFileType = file.storyboard; name = Base; path = Base.lproj/Main.storyboard; sourceTree = "<group>"; };
		6978D97B2497629C004C01A4 /* Assets.xcassets */ = {isa = PBXFileReference; lastKnownFileType = folder.assetcatalog; path = Assets.xcassets; sourceTree = "<group>"; };
		6978D97E2497629C004C01A4 /* Base */ = {isa = PBXFileReference; lastKnownFileType = file.storyboard; name = Base; path = Base.lproj/LaunchScreen.storyboard; sourceTree = "<group>"; };
		6978D9802497629C004C01A4 /* Info.plist */ = {isa = PBXFileReference; lastKnownFileType = text.plist.xml; path = Info.plist; sourceTree = "<group>"; };
		6978D9812497629C004C01A4 /* main.m */ = {isa = PBXFileReference; lastKnownFileType = sourcecode.c.objc; path = main.m; sourceTree = "<group>"; };
		6978D9872497629C004C01A4 /* PBNDemoTests.xctest */ = {isa = PBXFileReference; explicitFileType = wrapper.cfbundle; includeInIndex = 0; path = PBNDemoTests.xctest; sourceTree = BUILT_PRODUCTS_DIR; };
		6978D98B2497629C004C01A4 /* PBNDemoTests.m */ = {isa = PBXFileReference; lastKnownFileType = sourcecode.c.objc; path = PBNDemoTests.m; sourceTree = "<group>"; };
		6978D98D2497629C004C01A4 /* Info.plist */ = {isa = PBXFileReference; lastKnownFileType = text.plist.xml; path = Info.plist; sourceTree = "<group>"; };
		6978D9922497629C004C01A4 /* PBNDemoUITests.xctest */ = {isa = PBXFileReference; explicitFileType = wrapper.cfbundle; includeInIndex = 0; path = PBNDemoUITests.xctest; sourceTree = BUILT_PRODUCTS_DIR; };
		6978D9962497629C004C01A4 /* PBNDemoUITests.m */ = {isa = PBXFileReference; lastKnownFileType = sourcecode.c.objc; path = PBNDemoUITests.m; sourceTree = "<group>"; };
		6978D9982497629C004C01A4 /* Info.plist */ = {isa = PBXFileReference; lastKnownFileType = text.plist.xml; path = Info.plist; sourceTree = "<group>"; };
		6978D9AA249780AA004C01A4 /* MainTabBarViewController.h */ = {isa = PBXFileReference; lastKnownFileType = sourcecode.c.h; path = MainTabBarViewController.h; sourceTree = "<group>"; };
		6978D9AB249780AA004C01A4 /* MainTabBarViewController.m */ = {isa = PBXFileReference; lastKnownFileType = sourcecode.c.objc; path = MainTabBarViewController.m; sourceTree = "<group>"; };
		6978D9AE24978125004C01A4 /* BaseNavigationViewController.h */ = {isa = PBXFileReference; lastKnownFileType = sourcecode.c.h; path = BaseNavigationViewController.h; sourceTree = "<group>"; };
		6978D9AF24978125004C01A4 /* BaseNavigationViewController.m */ = {isa = PBXFileReference; lastKnownFileType = sourcecode.c.objc; path = BaseNavigationViewController.m; sourceTree = "<group>"; };
		6978D9B624979390004C01A4 /* HTTPNewsResult.h */ = {isa = PBXFileReference; lastKnownFileType = sourcecode.c.h; path = HTTPNewsResult.h; sourceTree = "<group>"; };
		6978D9B724979390004C01A4 /* HTTPNewsResult.m */ = {isa = PBXFileReference; lastKnownFileType = sourcecode.c.objc; path = HTTPNewsResult.m; sourceTree = "<group>"; };
		6978D9BA249794E1004C01A4 /* NewsCollectionCellModel.h */ = {isa = PBXFileReference; lastKnownFileType = sourcecode.c.h; path = NewsCollectionCellModel.h; sourceTree = "<group>"; };
		6978D9BB249794E1004C01A4 /* NewsCollectionCellModel.m */ = {isa = PBXFileReference; lastKnownFileType = sourcecode.c.objc; path = NewsCollectionCellModel.m; sourceTree = "<group>"; };
		6978D9BD249795CF004C01A4 /* NewsCollectionViewCell.h */ = {isa = PBXFileReference; lastKnownFileType = sourcecode.c.h; path = NewsCollectionViewCell.h; sourceTree = "<group>"; };
		6978D9BE249795CF004C01A4 /* NewsCollectionViewCell.m */ = {isa = PBXFileReference; lastKnownFileType = sourcecode.c.objc; path = NewsCollectionViewCell.m; sourceTree = "<group>"; };
		6978D9C62497A09E004C01A4 /* NewsViewController.h */ = {isa = PBXFileReference; lastKnownFileType = sourcecode.c.h; path = NewsViewController.h; sourceTree = "<group>"; };
		6978D9C72497A09E004C01A4 /* NewsViewController.m */ = {isa = PBXFileReference; lastKnownFileType = sourcecode.c.objc; path = NewsViewController.m; sourceTree = "<group>"; };
		6978D9C92498C860004C01A4 /* NewsCollectionReusableView.h */ = {isa = PBXFileReference; lastKnownFileType = sourcecode.c.h; path = NewsCollectionReusableView.h; sourceTree = "<group>"; };
		6978D9CA2498C860004C01A4 /* NewsCollectionReusableView.m */ = {isa = PBXFileReference; lastKnownFileType = sourcecode.c.objc; path = NewsCollectionReusableView.m; sourceTree = "<group>"; };
		6978D9CE249A2660004C01A4 /* MyWorkViewController.h */ = {isa = PBXFileReference; lastKnownFileType = sourcecode.c.h; path = MyWorkViewController.h; sourceTree = "<group>"; };
		6978D9CF249A2660004C01A4 /* MyWorkViewController.m */ = {isa = PBXFileReference; lastKnownFileType = sourcecode.c.objc; path = MyWorkViewController.m; sourceTree = "<group>"; };
		6978D9D3249A2D5E004C01A4 /* MyWorkScrollView.h */ = {isa = PBXFileReference; lastKnownFileType = sourcecode.c.h; path = MyWorkScrollView.h; sourceTree = "<group>"; };
		6978D9D4249A2D5E004C01A4 /* MyWorkScrollView.m */ = {isa = PBXFileReference; lastKnownFileType = sourcecode.c.objc; path = MyWorkScrollView.m; sourceTree = "<group>"; };
		6978D9D7249B1504004C01A4 /* MyWorkModels.h */ = {isa = PBXFileReference; lastKnownFileType = sourcecode.c.h; path = MyWorkModels.h; sourceTree = "<group>"; };
		6978D9D8249B1504004C01A4 /* MyWorkModels.m */ = {isa = PBXFileReference; lastKnownFileType = sourcecode.c.objc; path = MyWorkModels.m; sourceTree = "<group>"; };
		6978D9DE249B2660004C01A4 /* MyWorkScrollViewModels.h */ = {isa = PBXFileReference; lastKnownFileType = sourcecode.c.h; path = MyWorkScrollViewModels.h; sourceTree = "<group>"; };
		6978D9DF249B2660004C01A4 /* MyWorkScrollViewModels.m */ = {isa = PBXFileReference; lastKnownFileType = sourcecode.c.objc; path = MyWorkScrollViewModels.m; sourceTree = "<group>"; };
		6978D9E1249B5127004C01A4 /* SettingViewController.h */ = {isa = PBXFileReference; lastKnownFileType = sourcecode.c.h; path = SettingViewController.h; sourceTree = "<group>"; };
		6978D9E2249B5127004C01A4 /* SettingViewController.m */ = {isa = PBXFileReference; lastKnownFileType = sourcecode.c.objc; path = SettingViewController.m; sourceTree = "<group>"; };
		6978D9E4249B63E0004C01A4 /* SettingModel.h */ = {isa = PBXFileReference; lastKnownFileType = sourcecode.c.h; path = SettingModel.h; sourceTree = "<group>"; };
		6978D9E5249B63E0004C01A4 /* SettingModel.m */ = {isa = PBXFileReference; lastKnownFileType = sourcecode.c.objc; path = SettingModel.m; sourceTree = "<group>"; };
		6978D9E7249B6477004C01A4 /* SettingBaseModel.h */ = {isa = PBXFileReference; lastKnownFileType = sourcecode.c.h; path = SettingBaseModel.h; sourceTree = "<group>"; };
		6978D9E8249B6477004C01A4 /* SettingBaseModel.m */ = {isa = PBXFileReference; lastKnownFileType = sourcecode.c.objc; path = SettingBaseModel.m; sourceTree = "<group>"; };
		6978D9EA249B65A3004C01A4 /* SettingCollectionViewCell.h */ = {isa = PBXFileReference; lastKnownFileType = sourcecode.c.h; path = SettingCollectionViewCell.h; sourceTree = "<group>"; };
		6978D9EB249B65A3004C01A4 /* SettingCollectionViewCell.m */ = {isa = PBXFileReference; lastKnownFileType = sourcecode.c.objc; path = SettingCollectionViewCell.m; sourceTree = "<group>"; };
		6978D9ED249B866D004C01A4 /* PurchaseViewController.h */ = {isa = PBXFileReference; lastKnownFileType = sourcecode.c.h; path = PurchaseViewController.h; sourceTree = "<group>"; };
		6978D9EE249B866D004C01A4 /* PurchaseViewController.m */ = {isa = PBXFileReference; lastKnownFileType = sourcecode.c.objc; path = PurchaseViewController.m; sourceTree = "<group>"; };
		6978D9F0249B8C9D004C01A4 /* PurchaseScrollView.h */ = {isa = PBXFileReference; lastKnownFileType = sourcecode.c.h; path = PurchaseScrollView.h; sourceTree = "<group>"; };
		6978D9F1249B8C9D004C01A4 /* PurchaseScrollView.m */ = {isa = PBXFileReference; lastKnownFileType = sourcecode.c.objc; path = PurchaseScrollView.m; sourceTree = "<group>"; };
		6F8F7B02EA0BE9FC58021DBB /* Pods-PBNDemo.debug.xcconfig */ = {isa = PBXFileReference; includeInIndex = 1; lastKnownFileType = text.xcconfig; name = "Pods-PBNDemo.debug.xcconfig"; path = "Target Support Files/Pods-PBNDemo/Pods-PBNDemo.debug.xcconfig"; sourceTree = "<group>"; };
		F27DD8F6442D52AFA5094F05 /* Pods_PBNDemo.framework */ = {isa = PBXFileReference; explicitFileType = wrapper.framework; includeInIndex = 0; path = Pods_PBNDemo.framework; sourceTree = BUILT_PRODUCTS_DIR; };
/* End PBXFileReference section */

/* Begin PBXFrameworksBuildPhase section */
		6978D9692497629B004C01A4 /* Frameworks */ = {
			isa = PBXFrameworksBuildPhase;
			buildActionMask = 2147483647;
			files = (
				98006A62B1CA409560ACE972 /* Pods_PBNDemo.framework in Frameworks */,
			);
			runOnlyForDeploymentPostprocessing = 0;
		};
		6978D9842497629C004C01A4 /* Frameworks */ = {
			isa = PBXFrameworksBuildPhase;
			buildActionMask = 2147483647;
			files = (
			);
			runOnlyForDeploymentPostprocessing = 0;
		};
		6978D98F2497629C004C01A4 /* Frameworks */ = {
			isa = PBXFrameworksBuildPhase;
			buildActionMask = 2147483647;
			files = (
			);
			runOnlyForDeploymentPostprocessing = 0;
		};
/* End PBXFrameworksBuildPhase section */

/* Begin PBXGroup section */
		3169A62BAB59115971377033 /* Frameworks */ = {
			isa = PBXGroup;
			children = (
				F27DD8F6442D52AFA5094F05 /* Pods_PBNDemo.framework */,
			);
			name = Frameworks;
			sourceTree = "<group>";
		};
		512DB8446614A9CA10BAEE77 /* Pods */ = {
			isa = PBXGroup;
			children = (
				6F8F7B02EA0BE9FC58021DBB /* Pods-PBNDemo.debug.xcconfig */,
				64870F0C40E6493D7A1E36DE /* Pods-PBNDemo.release.xcconfig */,
			);
			path = Pods;
			sourceTree = "<group>";
		};
		6907B23F24FE243A0015318D /* Categary */ = {
			isa = PBXGroup;
			children = (
				6907B24024FE25060015318D /* NSDate+DateTools.h */,
				6907B24124FE25060015318D /* NSDate+DateTools.m */,
			);
			path = Categary;
			sourceTree = "<group>";
		};
		6970009525F5FC4E00BACF5A /* Explore */ = {
			isa = PBXGroup;
			children = (
				697000AF25F619B300BACF5A /* Controllers */,
				697000AE25F6199C00BACF5A /* Views */,
				6970009625F5FCB200BACF5A /* PBNDemo-Bridging-Header.h */,
			);
			path = Explore;
			sourceTree = "<group>";
		};
		697000AE25F6199C00BACF5A /* Views */ = {
			isa = PBXGroup;
			children = (
				697000B025F61A0000BACF5A /* FSCalendarCollectionViewCell.swift */,
			);
			path = Views;
			sourceTree = "<group>";
		};
		697000AF25F619B300BACF5A /* Controllers */ = {
			isa = PBXGroup;
			children = (
				6970009725F5FCB300BACF5A /* ExploreViewController.swift */,
			);
			path = Controllers;
			sourceTree = "<group>";
		};
		6978D9632497629B004C01A4 = {
			isa = PBXGroup;
			children = (
				6978D9A824977FEE004C01A4 /* Vendors */,
				6978D9A724977FDE004C01A4 /* Classes */,
				6978D9A424977981004C01A4 /* Resources */,
				6978D96E2497629B004C01A4 /* PBNDemo */,
				6978D98A2497629C004C01A4 /* PBNDemoTests */,
				6978D9952497629C004C01A4 /* PBNDemoUITests */,
				6978D96D2497629B004C01A4 /* Products */,
				512DB8446614A9CA10BAEE77 /* Pods */,
				3169A62BAB59115971377033 /* Frameworks */,
			);
			sourceTree = "<group>";
		};
		6978D96D2497629B004C01A4 /* Products */ = {
			isa = PBXGroup;
			children = (
				6978D96C2497629B004C01A4 /* PBNDemo.app */,
				6978D9872497629C004C01A4 /* PBNDemoTests.xctest */,
				6978D9922497629C004C01A4 /* PBNDemoUITests.xctest */,
			);
			name = Products;
			sourceTree = "<group>";
		};
		6978D96E2497629B004C01A4 /* PBNDemo */ = {
			isa = PBXGroup;
			children = (
				6978D96F2497629B004C01A4 /* AppDelegate.h */,
				6978D9702497629B004C01A4 /* AppDelegate.m */,
				6978D9752497629B004C01A4 /* ViewController.h */,
				6978D9762497629B004C01A4 /* ViewController.m */,
				6978D9782497629B004C01A4 /* Main.storyboard */,
				6978D97D2497629C004C01A4 /* LaunchScreen.storyboard */,
				6978D9802497629C004C01A4 /* Info.plist */,
				6978D9812497629C004C01A4 /* main.m */,
			);
			path = PBNDemo;
			sourceTree = "<group>";
		};
		6978D98A2497629C004C01A4 /* PBNDemoTests */ = {
			isa = PBXGroup;
			children = (
				6978D98B2497629C004C01A4 /* PBNDemoTests.m */,
				6978D98D2497629C004C01A4 /* Info.plist */,
			);
			path = PBNDemoTests;
			sourceTree = "<group>";
		};
		6978D9952497629C004C01A4 /* PBNDemoUITests */ = {
			isa = PBXGroup;
			children = (
				6978D9962497629C004C01A4 /* PBNDemoUITests.m */,
				6978D9982497629C004C01A4 /* Info.plist */,
			);
			path = PBNDemoUITests;
			sourceTree = "<group>";
		};
		6978D9A424977981004C01A4 /* Resources */ = {
			isa = PBXGroup;
			children = (
				6978D9A524977995004C01A4 /* Images */,
			);
			path = Resources;
			sourceTree = "<group>";
		};
		6978D9A524977995004C01A4 /* Images */ = {
			isa = PBXGroup;
			children = (
				6978D97B2497629C004C01A4 /* Assets.xcassets */,
			);
			path = Images;
			sourceTree = "<group>";
		};
		6978D9A724977FDE004C01A4 /* Classes */ = {
			isa = PBXGroup;
			children = (
				6970009525F5FC4E00BACF5A /* Explore */,
				6907B23F24FE243A0015318D /* Categary */,
				6978D9CC249A25FF004C01A4 /* MyWork */,
				6978D9B1249791F3004C01A4 /* News */,
				6978D9AD249780E4004C01A4 /* BaseNavigation */,
				6978D9A924978073004C01A4 /* MainTabbar */,
			);
			path = Classes;
			sourceTree = "<group>";
		};
		6978D9A824977FEE004C01A4 /* Vendors */ = {
			isa = PBXGroup;
			children = (
			);
			path = Vendors;
			sourceTree = "<group>";
		};
		6978D9A924978073004C01A4 /* MainTabbar */ = {
			isa = PBXGroup;
			children = (
				6978D9AA249780AA004C01A4 /* MainTabBarViewController.h */,
				6978D9AB249780AA004C01A4 /* MainTabBarViewController.m */,
			);
			path = MainTabbar;
			sourceTree = "<group>";
		};
		6978D9AD249780E4004C01A4 /* BaseNavigation */ = {
			isa = PBXGroup;
			children = (
				6978D9AE24978125004C01A4 /* BaseNavigationViewController.h */,
				6978D9AF24978125004C01A4 /* BaseNavigationViewController.m */,
			);
			path = BaseNavigation;
			sourceTree = "<group>";
		};
		6978D9B1249791F3004C01A4 /* News */ = {
			isa = PBXGroup;
			children = (
				6978D9B524979231004C01A4 /* Views */,
				6978D9B424979226004C01A4 /* Controllers */,
				6978D9B32497921C004C01A4 /* Models */,
				6978D9B224979211004C01A4 /* Network */,
			);
			path = News;
			sourceTree = "<group>";
		};
		6978D9B224979211004C01A4 /* Network */ = {
			isa = PBXGroup;
			children = (
			);
			path = Network;
			sourceTree = "<group>";
		};
		6978D9B32497921C004C01A4 /* Models */ = {
			isa = PBXGroup;
			children = (
				6978D9B624979390004C01A4 /* HTTPNewsResult.h */,
				6978D9B724979390004C01A4 /* HTTPNewsResult.m */,
				6978D9BA249794E1004C01A4 /* NewsCollectionCellModel.h */,
				6978D9BB249794E1004C01A4 /* NewsCollectionCellModel.m */,
			);
			path = Models;
			sourceTree = "<group>";
		};
		6978D9B424979226004C01A4 /* Controllers */ = {
			isa = PBXGroup;
			children = (
				6978D9C62497A09E004C01A4 /* NewsViewController.h */,
				6978D9C72497A09E004C01A4 /* NewsViewController.m */,
			);
			path = Controllers;
			sourceTree = "<group>";
		};
		6978D9B524979231004C01A4 /* Views */ = {
			isa = PBXGroup;
			children = (
				6978D9BD249795CF004C01A4 /* NewsCollectionViewCell.h */,
				6978D9BE249795CF004C01A4 /* NewsCollectionViewCell.m */,
				6978D9C92498C860004C01A4 /* NewsCollectionReusableView.h */,
				6978D9CA2498C860004C01A4 /* NewsCollectionReusableView.m */,
			);
			path = Views;
			sourceTree = "<group>";
		};
		6978D9CC249A25FF004C01A4 /* MyWork */ = {
			isa = PBXGroup;
			children = (
				6978D9DA249B1874004C01A4 /* ViewModels */,
				6978D9D6249B14D0004C01A4 /* Models */,
				6978D9D2249A2CDD004C01A4 /* Views */,
				6978D9CD249A262D004C01A4 /* Controllers */,
			);
			path = MyWork;
			sourceTree = "<group>";
		};
		6978D9CD249A262D004C01A4 /* Controllers */ = {
			isa = PBXGroup;
			children = (
				6978D9CE249A2660004C01A4 /* MyWorkViewController.h */,
				6978D9CF249A2660004C01A4 /* MyWorkViewController.m */,
				6978D9E1249B5127004C01A4 /* SettingViewController.h */,
				6978D9E2249B5127004C01A4 /* SettingViewController.m */,
				6978D9ED249B866D004C01A4 /* PurchaseViewController.h */,
				6978D9EE249B866D004C01A4 /* PurchaseViewController.m */,
			);
			path = Controllers;
			sourceTree = "<group>";
		};
		6978D9D2249A2CDD004C01A4 /* Views */ = {
			isa = PBXGroup;
			children = (
				6978D9D3249A2D5E004C01A4 /* MyWorkScrollView.h */,
				6978D9D4249A2D5E004C01A4 /* MyWorkScrollView.m */,
				6978D9EA249B65A3004C01A4 /* SettingCollectionViewCell.h */,
				6978D9EB249B65A3004C01A4 /* SettingCollectionViewCell.m */,
				6978D9F0249B8C9D004C01A4 /* PurchaseScrollView.h */,
				6978D9F1249B8C9D004C01A4 /* PurchaseScrollView.m */,
			);
			path = Views;
			sourceTree = "<group>";
		};
		6978D9D6249B14D0004C01A4 /* Models */ = {
			isa = PBXGroup;
			children = (
				6978D9D7249B1504004C01A4 /* MyWorkModels.h */,
				6978D9D8249B1504004C01A4 /* MyWorkModels.m */,
				6978D9E4249B63E0004C01A4 /* SettingModel.h */,
				6978D9E5249B63E0004C01A4 /* SettingModel.m */,
				6978D9E7249B6477004C01A4 /* SettingBaseModel.h */,
				6978D9E8249B6477004C01A4 /* SettingBaseModel.m */,
			);
			path = Models;
			sourceTree = "<group>";
		};
		6978D9DA249B1874004C01A4 /* ViewModels */ = {
			isa = PBXGroup;
			children = (
				6978D9DE249B2660004C01A4 /* MyWorkScrollViewModels.h */,
				6978D9DF249B2660004C01A4 /* MyWorkScrollViewModels.m */,
			);
			path = ViewModels;
			sourceTree = "<group>";
		};
/* End PBXGroup section */

/* Begin PBXNativeTarget section */
		6978D96B2497629B004C01A4 /* PBNDemo */ = {
			isa = PBXNativeTarget;
			buildConfigurationList = 6978D99B2497629C004C01A4 /* Build configuration list for PBXNativeTarget "PBNDemo" */;
			buildPhases = (
				E1B532B936091CDD8B0F3D2B /* [CP] Check Pods Manifest.lock */,
				6978D9682497629B004C01A4 /* Sources */,
				6978D9692497629B004C01A4 /* Frameworks */,
				6978D96A2497629B004C01A4 /* Resources */,
				E80FE2D88A0C320467C62B30 /* [CP] Embed Pods Frameworks */,
			);
			buildRules = (
			);
			dependencies = (
			);
			name = PBNDemo;
			productName = PBNDemo;
			productReference = 6978D96C2497629B004C01A4 /* PBNDemo.app */;
			productType = "com.apple.product-type.application";
		};
		6978D9862497629C004C01A4 /* PBNDemoTests */ = {
			isa = PBXNativeTarget;
			buildConfigurationList = 6978D99E2497629C004C01A4 /* Build configuration list for PBXNativeTarget "PBNDemoTests" */;
			buildPhases = (
				6978D9832497629C004C01A4 /* Sources */,
				6978D9842497629C004C01A4 /* Frameworks */,
				6978D9852497629C004C01A4 /* Resources */,
			);
			buildRules = (
			);
			dependencies = (
				6978D9892497629C004C01A4 /* PBXTargetDependency */,
			);
			name = PBNDemoTests;
			productName = PBNDemoTests;
			productReference = 6978D9872497629C004C01A4 /* PBNDemoTests.xctest */;
			productType = "com.apple.product-type.bundle.unit-test";
		};
		6978D9912497629C004C01A4 /* PBNDemoUITests */ = {
			isa = PBXNativeTarget;
			buildConfigurationList = 6978D9A12497629C004C01A4 /* Build configuration list for PBXNativeTarget "PBNDemoUITests" */;
			buildPhases = (
				6978D98E2497629C004C01A4 /* Sources */,
				6978D98F2497629C004C01A4 /* Frameworks */,
				6978D9902497629C004C01A4 /* Resources */,
			);
			buildRules = (
			);
			dependencies = (
				6978D9942497629C004C01A4 /* PBXTargetDependency */,
			);
			name = PBNDemoUITests;
			productName = PBNDemoUITests;
			productReference = 6978D9922497629C004C01A4 /* PBNDemoUITests.xctest */;
			productType = "com.apple.product-type.bundle.ui-testing";
		};
/* End PBXNativeTarget section */

/* Begin PBXProject section */
		6978D9642497629B004C01A4 /* Project object */ = {
			isa = PBXProject;
			attributes = {
				LastUpgradeCheck = 1150;
				ORGANIZATIONNAME = "常威";
				TargetAttributes = {
					6978D96B2497629B004C01A4 = {
						CreatedOnToolsVersion = 11.5;
						LastSwiftMigration = 1240;
					};
					6978D9862497629C004C01A4 = {
						CreatedOnToolsVersion = 11.5;
						TestTargetID = 6978D96B2497629B004C01A4;
					};
					6978D9912497629C004C01A4 = {
						CreatedOnToolsVersion = 11.5;
						TestTargetID = 6978D96B2497629B004C01A4;
					};
				};
			};
			buildConfigurationList = 6978D9672497629B004C01A4 /* Build configuration list for PBXProject "PBNDemo" */;
			compatibilityVersion = "Xcode 9.3";
			developmentRegion = en;
			hasScannedForEncodings = 0;
			knownRegions = (
				en,
				Base,
			);
			mainGroup = 6978D9632497629B004C01A4;
			productRefGroup = 6978D96D2497629B004C01A4 /* Products */;
			projectDirPath = "";
			projectRoot = "";
			targets = (
				6978D96B2497629B004C01A4 /* PBNDemo */,
				6978D9862497629C004C01A4 /* PBNDemoTests */,
				6978D9912497629C004C01A4 /* PBNDemoUITests */,
			);
		};
/* End PBXProject section */

/* Begin PBXResourcesBuildPhase section */
		6978D96A2497629B004C01A4 /* Resources */ = {
			isa = PBXResourcesBuildPhase;
			buildActionMask = 2147483647;
			files = (
				6978D97F2497629C004C01A4 /* LaunchScreen.storyboard in Resources */,
				6978D97C2497629C004C01A4 /* Assets.xcassets in Resources */,
				6978D97A2497629B004C01A4 /* Main.storyboard in Resources */,
			);
			runOnlyForDeploymentPostprocessing = 0;
		};
		6978D9852497629C004C01A4 /* Resources */ = {
			isa = PBXResourcesBuildPhase;
			buildActionMask = 2147483647;
			files = (
			);
			runOnlyForDeploymentPostprocessing = 0;
		};
		6978D9902497629C004C01A4 /* Resources */ = {
			isa = PBXResourcesBuildPhase;
			buildActionMask = 2147483647;
			files = (
			);
			runOnlyForDeploymentPostprocessing = 0;
		};
/* End PBXResourcesBuildPhase section */

/* Begin PBXShellScriptBuildPhase section */
		E1B532B936091CDD8B0F3D2B /* [CP] Check Pods Manifest.lock */ = {
			isa = PBXShellScriptBuildPhase;
			buildActionMask = 2147483647;
			files = (
			);
			inputFileListPaths = (
			);
			inputPaths = (
				"${PODS_PODFILE_DIR_PATH}/Podfile.lock",
				"${PODS_ROOT}/Manifest.lock",
			);
			name = "[CP] Check Pods Manifest.lock";
			outputFileListPaths = (
			);
			outputPaths = (
				"$(DERIVED_FILE_DIR)/Pods-PBNDemo-checkManifestLockResult.txt",
			);
			runOnlyForDeploymentPostprocessing = 0;
			shellPath = /bin/sh;
			shellScript = "diff \"${PODS_PODFILE_DIR_PATH}/Podfile.lock\" \"${PODS_ROOT}/Manifest.lock\" > /dev/null\nif [ $? != 0 ] ; then\n    # print error to STDERR\n    echo \"error: The sandbox is not in sync with the Podfile.lock. Run 'pod install' or update your CocoaPods installation.\" >&2\n    exit 1\nfi\n# This output is used by Xcode 'outputs' to avoid re-running this script phase.\necho \"SUCCESS\" > \"${SCRIPT_OUTPUT_FILE_0}\"\n";
			showEnvVarsInLog = 0;
		};
		E80FE2D88A0C320467C62B30 /* [CP] Embed Pods Frameworks */ = {
			isa = PBXShellScriptBuildPhase;
			buildActionMask = 2147483647;
			files = (
			);
			inputFileListPaths = (
				"${PODS_ROOT}/Target Support Files/Pods-PBNDemo/Pods-PBNDemo-frameworks-${CONFIGURATION}-input-files.xcfilelist",
			);
			name = "[CP] Embed Pods Frameworks";
			outputFileListPaths = (
				"${PODS_ROOT}/Target Support Files/Pods-PBNDemo/Pods-PBNDemo-frameworks-${CONFIGURATION}-output-files.xcfilelist",
			);
			runOnlyForDeploymentPostprocessing = 0;
			shellPath = /bin/sh;
			shellScript = "\"${PODS_ROOT}/Target Support Files/Pods-PBNDemo/Pods-PBNDemo-frameworks.sh\"\n";
			showEnvVarsInLog = 0;
		};
/* End PBXShellScriptBuildPhase section */

/* Begin PBXSourcesBuildPhase section */
		6978D9682497629B004C01A4 /* Sources */ = {
			isa = PBXSourcesBuildPhase;
			buildActionMask = 2147483647;
			files = (
				6978D9BC249794E1004C01A4 /* NewsCollectionCellModel.m in Sources */,
				6978D9E9249B6477004C01A4 /* SettingBaseModel.m in Sources */,
				6978D9772497629B004C01A4 /* ViewController.m in Sources */,
				6978D9E0249B2660004C01A4 /* MyWorkScrollViewModels.m in Sources */,
				6978D9F2249B8C9D004C01A4 /* PurchaseScrollView.m in Sources */,
				6978D9B824979390004C01A4 /* HTTPNewsResult.m in Sources */,
				6978D9B024978125004C01A4 /* BaseNavigationViewController.m in Sources */,
				6978D9D5249A2D5E004C01A4 /* MyWorkScrollView.m in Sources */,
				6978D9CB2498C860004C01A4 /* NewsCollectionReusableView.m in Sources */,
				6978D9AC249780AA004C01A4 /* MainTabBarViewController.m in Sources */,
				6978D9EC249B65A3004C01A4 /* SettingCollectionViewCell.m in Sources */,
				697000B125F61A0000BACF5A /* FSCalendarCollectionViewCell.swift in Sources */,
				6978D9E6249B63E0004C01A4 /* SettingModel.m in Sources */,
				6978D9712497629B004C01A4 /* AppDelegate.m in Sources */,
				6978D9C82497A09E004C01A4 /* NewsViewController.m in Sources */,
				6978D9D0249A2660004C01A4 /* MyWorkViewController.m in Sources */,
				6978D9EF249B866D004C01A4 /* PurchaseViewController.m in Sources */,
				6978D9822497629C004C01A4 /* main.m in Sources */,
				6978D9BF249795CF004C01A4 /* NewsCollectionViewCell.m in Sources */,
				6978D9D9249B1504004C01A4 /* MyWorkModels.m in Sources */,
				6907B24224FE25060015318D /* NSDate+DateTools.m in Sources */,
				6970009825F5FCB300BACF5A /* ExploreViewController.swift in Sources */,
				6978D9E3249B5127004C01A4 /* SettingViewController.m in Sources */,
			);
			runOnlyForDeploymentPostprocessing = 0;
		};
		6978D9832497629C004C01A4 /* Sources */ = {
			isa = PBXSourcesBuildPhase;
			buildActionMask = 2147483647;
			files = (
				6978D98C2497629C004C01A4 /* PBNDemoTests.m in Sources */,
			);
			runOnlyForDeploymentPostprocessing = 0;
		};
		6978D98E2497629C004C01A4 /* Sources */ = {
			isa = PBXSourcesBuildPhase;
			buildActionMask = 2147483647;
			files = (
				6978D9972497629C004C01A4 /* PBNDemoUITests.m in Sources */,
			);
			runOnlyForDeploymentPostprocessing = 0;
		};
/* End PBXSourcesBuildPhase section */

/* Begin PBXTargetDependency section */
		6978D9892497629C004C01A4 /* PBXTargetDependency */ = {
			isa = PBXTargetDependency;
			target = 6978D96B2497629B004C01A4 /* PBNDemo */;
			targetProxy = 6978D9882497629C004C01A4 /* PBXContainerItemProxy */;
		};
		6978D9942497629C004C01A4 /* PBXTargetDependency */ = {
			isa = PBXTargetDependency;
			target = 6978D96B2497629B004C01A4 /* PBNDemo */;
			targetProxy = 6978D9932497629C004C01A4 /* PBXContainerItemProxy */;
		};
/* End PBXTargetDependency section */

/* Begin PBXVariantGroup section */
		6978D9782497629B004C01A4 /* Main.storyboard */ = {
			isa = PBXVariantGroup;
			children = (
				6978D9792497629B004C01A4 /* Base */,
			);
			name = Main.storyboard;
			sourceTree = "<group>";
		};
		6978D97D2497629C004C01A4 /* LaunchScreen.storyboard */ = {
			isa = PBXVariantGroup;
			children = (
				6978D97E2497629C004C01A4 /* Base */,
			);
			name = LaunchScreen.storyboard;
			sourceTree = "<group>";
		};
/* End PBXVariantGroup section */

/* Begin XCBuildConfiguration section */
		6978D9992497629C004C01A4 /* Debug */ = {
			isa = XCBuildConfiguration;
			buildSettings = {
				ALWAYS_SEARCH_USER_PATHS = NO;
				CLANG_ANALYZER_NONNULL = YES;
				CLANG_ANALYZER_NUMBER_OBJECT_CONVERSION = YES_AGGRESSIVE;
				CLANG_CXX_LANGUAGE_STANDARD = "gnu++14";
				CLANG_CXX_LIBRARY = "libc++";
				CLANG_ENABLE_MODULES = YES;
				CLANG_ENABLE_OBJC_ARC = YES;
				CLANG_ENABLE_OBJC_WEAK = YES;
				CLANG_WARN_BLOCK_CAPTURE_AUTORELEASING = YES;
				CLANG_WARN_BOOL_CONVERSION = YES;
				CLANG_WARN_COMMA = YES;
				CLANG_WARN_CONSTANT_CONVERSION = YES;
				CLANG_WARN_DEPRECATED_OBJC_IMPLEMENTATIONS = YES;
				CLANG_WARN_DIRECT_OBJC_ISA_USAGE = YES_ERROR;
				CLANG_WARN_DOCUMENTATION_COMMENTS = YES;
				CLANG_WARN_EMPTY_BODY = YES;
				CLANG_WARN_ENUM_CONVERSION = YES;
				CLANG_WARN_INFINITE_RECURSION = YES;
				CLANG_WARN_INT_CONVERSION = YES;
				CLANG_WARN_NON_LITERAL_NULL_CONVERSION = YES;
				CLANG_WARN_OBJC_IMPLICIT_RETAIN_SELF = YES;
				CLANG_WARN_OBJC_LITERAL_CONVERSION = YES;
				CLANG_WARN_OBJC_ROOT_CLASS = YES_ERROR;
				CLANG_WARN_RANGE_LOOP_ANALYSIS = YES;
				CLANG_WARN_STRICT_PROTOTYPES = YES;
				CLANG_WARN_SUSPICIOUS_MOVE = YES;
				CLANG_WARN_UNGUARDED_AVAILABILITY = YES_AGGRESSIVE;
				CLANG_WARN_UNREACHABLE_CODE = YES;
				CLANG_WARN__DUPLICATE_METHOD_MATCH = YES;
				COPY_PHASE_STRIP = NO;
				DEBUG_INFORMATION_FORMAT = dwarf;
				ENABLE_STRICT_OBJC_MSGSEND = YES;
				ENABLE_TESTABILITY = YES;
				GCC_C_LANGUAGE_STANDARD = gnu11;
				GCC_DYNAMIC_NO_PIC = NO;
				GCC_NO_COMMON_BLOCKS = YES;
				GCC_OPTIMIZATION_LEVEL = 0;
				GCC_PREPROCESSOR_DEFINITIONS = (
					"DEBUG=1",
					"$(inherited)",
				);
				GCC_WARN_64_TO_32_BIT_CONVERSION = YES;
				GCC_WARN_ABOUT_RETURN_TYPE = YES_ERROR;
				GCC_WARN_UNDECLARED_SELECTOR = YES;
				GCC_WARN_UNINITIALIZED_AUTOS = YES_AGGRESSIVE;
				GCC_WARN_UNUSED_FUNCTION = YES;
				GCC_WARN_UNUSED_VARIABLE = YES;
				IPHONEOS_DEPLOYMENT_TARGET = 13.5;
				MTL_ENABLE_DEBUG_INFO = INCLUDE_SOURCE;
				MTL_FAST_MATH = YES;
				ONLY_ACTIVE_ARCH = YES;
				SDKROOT = iphoneos;
			};
			name = Debug;
		};
		6978D99A2497629C004C01A4 /* Release */ = {
			isa = XCBuildConfiguration;
			buildSettings = {
				ALWAYS_SEARCH_USER_PATHS = NO;
				CLANG_ANALYZER_NONNULL = YES;
				CLANG_ANALYZER_NUMBER_OBJECT_CONVERSION = YES_AGGRESSIVE;
				CLANG_CXX_LANGUAGE_STANDARD = "gnu++14";
				CLANG_CXX_LIBRARY = "libc++";
				CLANG_ENABLE_MODULES = YES;
				CLANG_ENABLE_OBJC_ARC = YES;
				CLANG_ENABLE_OBJC_WEAK = YES;
				CLANG_WARN_BLOCK_CAPTURE_AUTORELEASING = YES;
				CLANG_WARN_BOOL_CONVERSION = YES;
				CLANG_WARN_COMMA = YES;
				CLANG_WARN_CONSTANT_CONVERSION = YES;
				CLANG_WARN_DEPRECATED_OBJC_IMPLEMENTATIONS = YES;
				CLANG_WARN_DIRECT_OBJC_ISA_USAGE = YES_ERROR;
				CLANG_WARN_DOCUMENTATION_COMMENTS = YES;
				CLANG_WARN_EMPTY_BODY = YES;
				CLANG_WARN_ENUM_CONVERSION = YES;
				CLANG_WARN_INFINITE_RECURSION = YES;
				CLANG_WARN_INT_CONVERSION = YES;
				CLANG_WARN_NON_LITERAL_NULL_CONVERSION = YES;
				CLANG_WARN_OBJC_IMPLICIT_RETAIN_SELF = YES;
				CLANG_WARN_OBJC_LITERAL_CONVERSION = YES;
				CLANG_WARN_OBJC_ROOT_CLASS = YES_ERROR;
				CLANG_WARN_RANGE_LOOP_ANALYSIS = YES;
				CLANG_WARN_STRICT_PROTOTYPES = YES;
				CLANG_WARN_SUSPICIOUS_MOVE = YES;
				CLANG_WARN_UNGUARDED_AVAILABILITY = YES_AGGRESSIVE;
				CLANG_WARN_UNREACHABLE_CODE = YES;
				CLANG_WARN__DUPLICATE_METHOD_MATCH = YES;
				COPY_PHASE_STRIP = NO;
				DEBUG_INFORMATION_FORMAT = "dwarf-with-dsym";
				ENABLE_NS_ASSERTIONS = NO;
				ENABLE_STRICT_OBJC_MSGSEND = YES;
				GCC_C_LANGUAGE_STANDARD = gnu11;
				GCC_NO_COMMON_BLOCKS = YES;
				GCC_WARN_64_TO_32_BIT_CONVERSION = YES;
				GCC_WARN_ABOUT_RETURN_TYPE = YES_ERROR;
				GCC_WARN_UNDECLARED_SELECTOR = YES;
				GCC_WARN_UNINITIALIZED_AUTOS = YES_AGGRESSIVE;
				GCC_WARN_UNUSED_FUNCTION = YES;
				GCC_WARN_UNUSED_VARIABLE = YES;
				IPHONEOS_DEPLOYMENT_TARGET = 13.5;
				MTL_ENABLE_DEBUG_INFO = NO;
				MTL_FAST_MATH = YES;
				SDKROOT = iphoneos;
				VALIDATE_PRODUCT = YES;
			};
			name = Release;
		};
		6978D99C2497629C004C01A4 /* Debug */ = {
			isa = XCBuildConfiguration;
			baseConfigurationReference = 6F8F7B02EA0BE9FC58021DBB /* Pods-PBNDemo.debug.xcconfig */;
			buildSettings = {
				ASSETCATALOG_COMPILER_APPICON_NAME = AppIcon;
				CLANG_ENABLE_MODULES = YES;
				CODE_SIGN_IDENTITY = "Apple Development";
				CODE_SIGN_STYLE = Automatic;
				DEFINES_MODULE = YES;
				DEVELOPMENT_TEAM = JMMVM23392;
				INFOPLIST_FILE = PBNDemo/Info.plist;
				LD_RUNPATH_SEARCH_PATHS = (
					"$(inherited)",
					"@executable_path/Frameworks",
				);
				PRODUCT_BUNDLE_IDENTIFIER = com.coolketang.PBNDemo;
				PRODUCT_NAME = "$(TARGET_NAME)";
				PROVISIONING_PROFILE_SPECIFIER = "";
				SWIFT_OBJC_BRIDGING_HEADER = "Classes/Explore/PBNDemo-Bridging-Header.h";
				SWIFT_OPTIMIZATION_LEVEL = "-Onone";
				SWIFT_VERSION = 5.0;
				TARGETED_DEVICE_FAMILY = "1,2";
			};
			name = Debug;
		};
		6978D99D2497629C004C01A4 /* Release */ = {
			isa = XCBuildConfiguration;
			baseConfigurationReference = 64870F0C40E6493D7A1E36DE /* Pods-PBNDemo.release.xcconfig */;
			buildSettings = {
				ASSETCATALOG_COMPILER_APPICON_NAME = AppIcon;
				CLANG_ENABLE_MODULES = YES;
				CODE_SIGN_IDENTITY = "Apple Development";
				CODE_SIGN_STYLE = Automatic;
				DEFINES_MODULE = YES;
				DEVELOPMENT_TEAM = JMMVM23392;
				INFOPLIST_FILE = PBNDemo/Info.plist;
				LD_RUNPATH_SEARCH_PATHS = (
					"$(inherited)",
					"@executable_path/Frameworks",
				);
				PRODUCT_BUNDLE_IDENTIFIER = com.coolketang.PBNDemo;
				PRODUCT_NAME = "$(TARGET_NAME)";
				PROVISIONING_PROFILE_SPECIFIER = "";
				SWIFT_OBJC_BRIDGING_HEADER = "Classes/Explore/PBNDemo-Bridging-Header.h";
				SWIFT_VERSION = 5.0;
				TARGETED_DEVICE_FAMILY = "1,2";
			};
			name = Release;
		};
		6978D99F2497629C004C01A4 /* Debug */ = {
			isa = XCBuildConfiguration;
			buildSettings = {
				ALWAYS_EMBED_SWIFT_STANDARD_LIBRARIES = YES;
				BUNDLE_LOADER = "$(TEST_HOST)";
				CODE_SIGN_STYLE = Automatic;
				DEVELOPMENT_TEAM = JMMVM23392;
				INFOPLIST_FILE = PBNDemoTests/Info.plist;
				IPHONEOS_DEPLOYMENT_TARGET = 13.5;
				LD_RUNPATH_SEARCH_PATHS = (
					"$(inherited)",
					"@executable_path/Frameworks",
					"@loader_path/Frameworks",
				);
				PRODUCT_BUNDLE_IDENTIFIER = com.coolketang.PBNDemoTests;
				PRODUCT_NAME = "$(TARGET_NAME)";
				TARGETED_DEVICE_FAMILY = "1,2";
				TEST_HOST = "$(BUILT_PRODUCTS_DIR)/PBNDemo.app/PBNDemo";
			};
			name = Debug;
		};
		6978D9A02497629C004C01A4 /* Release */ = {
			isa = XCBuildConfiguration;
			buildSettings = {
				ALWAYS_EMBED_SWIFT_STANDARD_LIBRARIES = YES;
				BUNDLE_LOADER = "$(TEST_HOST)";
				CODE_SIGN_STYLE = Automatic;
				DEVELOPMENT_TEAM = JMMVM23392;
				INFOPLIST_FILE = PBNDemoTests/Info.plist;
				IPHONEOS_DEPLOYMENT_TARGET = 13.5;
				LD_RUNPATH_SEARCH_PATHS = (
					"$(inherited)",
					"@executable_path/Frameworks",
					"@loader_path/Frameworks",
				);
				PRODUCT_BUNDLE_IDENTIFIER = com.coolketang.PBNDemoTests;
				PRODUCT_NAME = "$(TARGET_NAME)";
				TARGETED_DEVICE_FAMILY = "1,2";
				TEST_HOST = "$(BUILT_PRODUCTS_DIR)/PBNDemo.app/PBNDemo";
			};
			name = Release;
		};
		6978D9A22497629C004C01A4 /* Debug */ = {
			isa = XCBuildConfiguration;
			buildSettings = {
				ALWAYS_EMBED_SWIFT_STANDARD_LIBRARIES = YES;
				CODE_SIGN_STYLE = Automatic;
				DEVELOPMENT_TEAM = JMMVM23392;
				INFOPLIST_FILE = PBNDemoUITests/Info.plist;
				LD_RUNPATH_SEARCH_PATHS = (
					"$(inherited)",
					"@executable_path/Frameworks",
					"@loader_path/Frameworks",
				);
				PRODUCT_BUNDLE_IDENTIFIER = com.coolketang.PBNDemoUITests;
				PRODUCT_NAME = "$(TARGET_NAME)";
				TARGETED_DEVICE_FAMILY = "1,2";
				TEST_TARGET_NAME = PBNDemo;
			};
			name = Debug;
		};
		6978D9A32497629C004C01A4 /* Release */ = {
			isa = XCBuildConfiguration;
			buildSettings = {
				ALWAYS_EMBED_SWIFT_STANDARD_LIBRARIES = YES;
				CODE_SIGN_STYLE = Automatic;
				DEVELOPMENT_TEAM = JMMVM23392;
				INFOPLIST_FILE = PBNDemoUITests/Info.plist;
				LD_RUNPATH_SEARCH_PATHS = (
					"$(inherited)",
					"@executable_path/Frameworks",
					"@loader_path/Frameworks",
				);
				PRODUCT_BUNDLE_IDENTIFIER = com.coolketang.PBNDemoUITests;
				PRODUCT_NAME = "$(TARGET_NAME)";
				TARGETED_DEVICE_FAMILY = "1,2";
				TEST_TARGET_NAME = PBNDemo;
			};
			name = Release;
		};
/* End XCBuildConfiguration section */

/* Begin XCConfigurationList section */
		6978D9672497629B004C01A4 /* Build configuration list for PBXProject "PBNDemo" */ = {
			isa = XCConfigurationList;
			buildConfigurations = (
				6978D9992497629C004C01A4 /* Debug */,
				6978D99A2497629C004C01A4 /* Release */,
			);
			defaultConfigurationIsVisible = 0;
			defaultConfigurationName = Release;
		};
		6978D99B2497629C004C01A4 /* Build configuration list for PBXNativeTarget "PBNDemo" */ = {
			isa = XCConfigurationList;
			buildConfigurations = (
				6978D99C2497629C004C01A4 /* Debug */,
				6978D99D2497629C004C01A4 /* Release */,
			);
			defaultConfigurationIsVisible = 0;
			defaultConfigurationName = Release;
		};
		6978D99E2497629C004C01A4 /* Build configuration list for PBXNativeTarget "PBNDemoTests" */ = {
			isa = XCConfigurationList;
			buildConfigurations = (
				6978D99F2497629C004C01A4 /* Debug */,
				6978D9A02497629C004C01A4 /* Release */,
			);
			defaultConfigurationIsVisible = 0;
			defaultConfigurationName = Release;
		};
		6978D9A12497629C004C01A4 /* Build configuration list for PBXNativeTarget "PBNDemoUITests" */ = {
			isa = XCConfigurationList;
			buildConfigurations = (
				6978D9A22497629C004C01A4 /* Debug */,
				6978D9A32497629C004C01A4 /* Release */,
			);
			defaultConfigurationIsVisible = 0;
			defaultConfigurationName = Release;
		};
/* End XCConfigurationList section */
	};
	rootObject = 6978D9642497629B004C01A4 /* Project object */;
}
